
Microsoft Visual Studio Solution File, Format Version 12.00
# Visual Studio Version 16
VisualStudioVersion = 16.0.30114.105
MinimumVisualStudioVersion = 10.0.40219.1
Project("{FAE04EC0-301F-11D3-BF4B-00C04F79EFBC}") = "API", "API\API.csproj", "{AFB61335-6C01-450C-9798-D40189AAAB68}"
EndProject
Global
	GlobalSection(SolutionConfigurationPlatforms) = preSolution
		Debug|Any CPU = Debug|Any CPU
		Release|Any CPU = Release|Any CPU
	EndGlobalSection
	GlobalSection(SolutionProperties) = preSolution
		HideSolutionNode = FALSE
	EndGlobalSection
	GlobalSection(ProjectConfigurationPlatforms) = postSolution
		{AFB61335-6C01-450C-9798-D40189AAAB68}.Debug|Any CPU.ActiveCfg = Debug|Any CPU
		{AFB61335-6C01-450C-9798-D40189AAAB68}.Debug|Any CPU.Build.0 = Debug|Any CPU
		{AFB61335-6C01-450C-9798-D40189AAAB68}.Release|Any CPU.ActiveCfg = Release|Any CPU
		{AFB61335-6C01-450C-9798-D40189AAAB68}.Release|Any CPU.Build.0 = Release|Any CPU
	EndGlobalSection
EndGlobal
